
Microsoft Visual Studio Solution File, Format Version 12.00
# Visual Studio Version 17
VisualStudioVersion = 17.9.34902.65
MinimumVisualStudioVersion = 10.0.40219.1
Project("{FAE04EC0-301F-11D3-BF4B-00C04F79EFBC}") = "AcademiaABM", "AcademiaABM.csproj", "{B299ABB0-1636-4DE6-9B55-2B77B264D9BA}"
EndProject
Global
	GlobalSection(SolutionConfigurationPlatforms) = preSolution
		Debug|Any CPU = Debug|Any CPU
		Release|Any CPU = Release|Any CPU
	EndGlobalSection
	GlobalSection(ProjectConfigurationPlatforms) = postSolution
		{B299ABB0-1636-4DE6-9B55-2B77B264D9BA}.Debug|Any CPU.ActiveCfg = Debug|Any CPU
		{B299ABB0-1636-4DE6-9B55-2B77B264D9BA}.Debug|Any CPU.Build.0 = Debug|Any CPU
		{B299ABB0-1636-4DE6-9B55-2B77B264D9BA}.Release|Any CPU.ActiveCfg = Release|Any CPU
		{B299ABB0-1636-4DE6-9B55-2B77B264D9BA}.Release|Any CPU.Build.0 = Release|Any CPU
	EndGlobalSection
	GlobalSection(SolutionProperties) = preSolution
		HideSolutionNode = FALSE
	EndGlobalSection
	GlobalSection(ExtensibilityGlobals) = postSolution
		SolutionGuid = {034261A3-7D3C-4D08-A31F-2BD41F78F26F}
	EndGlobalSection
EndGlobal
