
Microsoft Visual Studio Solution File, Format Version 12.00
# Visual Studio Version 17
VisualStudioVersion = 17.9.34902.65
MinimumVisualStudioVersion = 10.0.40219.1
Project("{FAE04EC0-301F-11D3-BF4B-00C04F79EFBC}") = "Lab 1", "Lab 1.csproj", "{944CC165-17DB-4DE3-8F85-21C07752D03A}"
EndProject
Global
	GlobalSection(SolutionConfigurationPlatforms) = preSolution
		Debug|Any CPU = Debug|Any CPU
		Release|Any CPU = Release|Any CPU
	EndGlobalSection
	GlobalSection(ProjectConfigurationPlatforms) = postSolution
		{944CC165-17DB-4DE3-8F85-21C07752D03A}.Debug|Any CPU.ActiveCfg = Debug|Any CPU
		{944CC165-17DB-4DE3-8F85-21C07752D03A}.Debug|Any CPU.Build.0 = Debug|Any CPU
		{944CC165-17DB-4DE3-8F85-21C07752D03A}.Release|Any CPU.ActiveCfg = Release|Any CPU
		{944CC165-17DB-4DE3-8F85-21C07752D03A}.Release|Any CPU.Build.0 = Release|Any CPU
	EndGlobalSection
	GlobalSection(SolutionProperties) = preSolution
		HideSolutionNode = FALSE
	EndGlobalSection
	GlobalSection(ExtensibilityGlobals) = postSolution
		SolutionGuid = {6AAE3DB4-D7FB-442E-92A5-69E2049559F6}
	EndGlobalSection
EndGlobal
