
Microsoft Visual Studio Solution File, Format Version 12.00
# Visual Studio Version 17
VisualStudioVersion = 17.9.34902.65
MinimumVisualStudioVersion = 10.0.40219.1
Project("{9A19103F-16F7-4668-BE54-9A1E7A4F7556}") = "Academia", "Academia.csproj", "{CA0CB244-C308-46E0-AD5A-9F5CD5790646}"
EndProject
Global
	GlobalSection(SolutionConfigurationPlatforms) = preSolution
		Debug|Any CPU = Debug|Any CPU
		Release|Any CPU = Release|Any CPU
	EndGlobalSection
	GlobalSection(ProjectConfigurationPlatforms) = postSolution
		{CA0CB244-C308-46E0-AD5A-9F5CD5790646}.Debug|Any CPU.ActiveCfg = Debug|Any CPU
		{CA0CB244-C308-46E0-AD5A-9F5CD5790646}.Debug|Any CPU.Build.0 = Debug|Any CPU
		{CA0CB244-C308-46E0-AD5A-9F5CD5790646}.Release|Any CPU.ActiveCfg = Release|Any CPU
		{CA0CB244-C308-46E0-AD5A-9F5CD5790646}.Release|Any CPU.Build.0 = Release|Any CPU
	EndGlobalSection
	GlobalSection(SolutionProperties) = preSolution
		HideSolutionNode = FALSE
	EndGlobalSection
	GlobalSection(ExtensibilityGlobals) = postSolution
		SolutionGuid = {802BF78D-5F02-42CC-884D-EB697C688A92}
	EndGlobalSection
EndGlobal
