
Microsoft Visual Studio Solution File, Format Version 12.00
# Visual Studio Version 17
VisualStudioVersion = 17.10.35201.131
MinimumVisualStudioVersion = 10.0.40219.1
Project("{FAE04EC0-301F-11D3-BF4B-00C04F79EFBC}") = "Domain", "Domain\Domain.csproj", "{28D3C244-00B9-4A8C-8803-66143A474A62}"
EndProject
Project("{FAE04EC0-301F-11D3-BF4B-00C04F79EFBC}") = "WindowsForm", "WindowsForm\WindowsForm.csproj", "{B25D0D0B-EFEF-483B-8039-0D01EF2A107D}"
EndProject
Global
	GlobalSection(SolutionConfigurationPlatforms) = preSolution
		Debug|Any CPU = Debug|Any CPU
		Release|Any CPU = Release|Any CPU
	EndGlobalSection
	GlobalSection(ProjectConfigurationPlatforms) = postSolution
		{28D3C244-00B9-4A8C-8803-66143A474A62}.Debug|Any CPU.ActiveCfg = Debug|Any CPU
		{28D3C244-00B9-4A8C-8803-66143A474A62}.Debug|Any CPU.Build.0 = Debug|Any CPU
		{28D3C244-00B9-4A8C-8803-66143A474A62}.Release|Any CPU.ActiveCfg = Release|Any CPU
		{28D3C244-00B9-4A8C-8803-66143A474A62}.Release|Any CPU.Build.0 = Release|Any CPU
		{B25D0D0B-EFEF-483B-8039-0D01EF2A107D}.Debug|Any CPU.ActiveCfg = Debug|Any CPU
		{B25D0D0B-EFEF-483B-8039-0D01EF2A107D}.Debug|Any CPU.Build.0 = Debug|Any CPU
		{B25D0D0B-EFEF-483B-8039-0D01EF2A107D}.Release|Any CPU.ActiveCfg = Release|Any CPU
		{B25D0D0B-EFEF-483B-8039-0D01EF2A107D}.Release|Any CPU.Build.0 = Release|Any CPU
	EndGlobalSection
	GlobalSection(SolutionProperties) = preSolution
		HideSolutionNode = FALSE
	EndGlobalSection
	GlobalSection(ExtensibilityGlobals) = postSolution
		SolutionGuid = {B0BD03FD-6617-4C0B-A0D4-F89E93454924}
	EndGlobalSection
EndGlobal
